# THIS IS AN AUTOGENERATED FILE. DO NOT EDIT THIS FILE DIRECTLY.
# yarn lockfile v1


"@babel/parser@^7.16.4":
  version "7.19.0"
  resolved "https://registry.yarnpkg.com/@babel/parser/-/parser-7.19.0.tgz#497fcafb1d5b61376959c1c338745ef0577aa02c"
  integrity sha512-74bEXKX2h+8rrfQUfsBfuZZHzsEs6Eql4pqy/T4Nn6Y9wNPggQOqD6z6pn5Bl8ZfysKouFZT/UXEH94ummEeQw==

"@babylonjs/core@^5.27.1":
  version "5.27.1"
  resolved "https://registry.yarnpkg.com/@babylonjs/core/-/core-5.27.1.tgz#a5c3c4dfdd002c8814fb3357e38ea55cae553931"
  integrity sha512-Snk+ipzpDLJ2Xa0zi3SP83uRq3MhnYpxNhhE5oNIFgqn0vXyvg99mZdOWS+VCvXzjLEy++pff3egm7kMR/YsVg==

"@babylonjs/gui@^5.27.1":
  version "5.27.1"
  resolved "https://registry.yarnpkg.com/@babylonjs/gui/-/gui-5.27.1.tgz#95379a488f7a457d31400ead7a1618e70265dfe1"
  integrity sha512-/aR61TVun3cxcAFEBfRY07o2hXTNAvlDYNKw72gZueugZA0AYThDFJ02DHj6tMMLluak5SNig/uA4EW2J8y6Ig==

"@babylonjs/materials@^5.27.1":
  version "5.27.1"
  resolved "https://registry.yarnpkg.com/@babylonjs/materials/-/materials-5.27.1.tgz#e95c136eec1f440aa52c463babbe3ffbed561420"
  integrity sha512-Uz6ZaR45yfXegNsohhDhyI+VmkkmiwWYACp8k8UjfAtKjKqShEIaQwwB4/+zKk82d921s6bIJyzf68PfY1nKlw==

"@esbuild/android-arm@0.15.10":
  version "0.15.10"
  resolved "https://registry.yarnpkg.com/@esbuild/android-arm/-/android-arm-0.15.10.tgz#a5f9432eb221afc243c321058ef25fe899886892"
  integrity sha512-FNONeQPy/ox+5NBkcSbYJxoXj9GWu8gVGJTVmUyoOCKQFDTrHVKgNSzChdNt0I8Aj/iKcsDf2r9BFwv+FSNUXg==

"@esbuild/linux-loong64@0.15.10":
  version "0.15.10"
  resolved "https://registry.yarnpkg.com/@esbuild/linux-loong64/-/linux-loong64-0.15.10.tgz#78a42897c2cf8db9fd5f1811f7590393b77774c7"
  integrity sha512-w0Ou3Z83LOYEkwaui2M8VwIp+nLi/NA60lBLMvaJ+vXVMcsARYdEzLNE7RSm4+lSg4zq4d7fAVuzk7PNQ5JFgg==

"@protobufjs/aspromise@^1.1.1", "@protobufjs/aspromise@^1.1.2":
  version "1.1.2"
  resolved "https://registry.yarnpkg.com/@protobufjs/aspromise/-/aspromise-1.1.2.tgz#9b8b0cc663d669a7d8f6f5d0893a14d348f30fbf"
  integrity sha512-j+gKExEuLmKwvz3OgROXtrJ2UG2x8Ch2YZUxahh+s1F2HZ+wAceUNLkvy6zKCPVRkU++ZWQrdxsUeQXmcg4uoQ==

"@protobufjs/base64@^1.1.2":
  version "1.1.2"
  resolved "https://registry.yarnpkg.com/@protobufjs/base64/-/base64-1.1.2.tgz#4c85730e59b9a1f1f349047dbf24296034bb2735"
  integrity sha512-AZkcAA5vnN/v4PDqKyMR5lx7hZttPDgClv83E//FMNhR2TMcLUhfRUBHCmSl0oi9zMgDDqRUJkSxO3wm85+XLg==

"@protobufjs/codegen@^2.0.4":
  version "2.0.4"
  resolved "https://registry.yarnpkg.com/@protobufjs/codegen/-/codegen-2.0.4.tgz#7ef37f0d010fb028ad1ad59722e506d9262815cb"
  integrity sha512-YyFaikqM5sH0ziFZCN3xDC7zeGaB/d0IUb9CATugHWbd1FRFwWwt4ld4OYMPWu5a3Xe01mGAULCdqhMlPl29Jg==

"@protobufjs/eventemitter@^1.1.0":
  version "1.1.0"
  resolved "https://registry.yarnpkg.com/@protobufjs/eventemitter/-/eventemitter-1.1.0.tgz#355cbc98bafad5978f9ed095f397621f1d066b70"
  integrity sha512-j9ednRT81vYJ9OfVuXG6ERSTdEL1xVsNgqpkxMsbIabzSo3goCjDIveeGv5d03om39ML71RdmrGNjG5SReBP/Q==

"@protobufjs/fetch@^1.1.0":
  version "1.1.0"
  resolved "https://registry.yarnpkg.com/@protobufjs/fetch/-/fetch-1.1.0.tgz#ba99fb598614af65700c1619ff06d454b0d84c45"
  integrity sha512-lljVXpqXebpsijW71PZaCYeIcE5on1w5DlQy5WH6GLbFryLUrBD4932W/E2BSpfRJWseIL4v/KPgBFxDOIdKpQ==
  dependencies:
    "@protobufjs/aspromise" "^1.1.1"
    "@protobufjs/inquire" "^1.1.0"

"@protobufjs/float@^1.0.2":
  version "1.0.2"
  resolved "https://registry.yarnpkg.com/@protobufjs/float/-/float-1.0.2.tgz#5e9e1abdcb73fc0a7cb8b291df78c8cbd97b87d1"
  integrity sha512-Ddb+kVXlXst9d+R9PfTIxh1EdNkgoRe5tOX6t01f1lYWOvJnSPDBlG241QLzcyPdoNTsblLUdujGSE4RzrTZGQ==

"@protobufjs/inquire@^1.1.0":
  version "1.1.0"
  resolved "https://registry.yarnpkg.com/@protobufjs/inquire/-/inquire-1.1.0.tgz#ff200e3e7cf2429e2dcafc1140828e8cc638f089"
  integrity sha512-kdSefcPdruJiFMVSbn801t4vFK7KB/5gd2fYvrxhuJYg8ILrmn9SKSX2tZdV6V+ksulWqS7aXjBcRXl3wHoD9Q==

"@protobufjs/path@^1.1.2":
  version "1.1.2"
  resolved "https://registry.yarnpkg.com/@protobufjs/path/-/path-1.1.2.tgz#6cc2b20c5c9ad6ad0dccfd21ca7673d8d7fbf68d"
  integrity sha512-6JOcJ5Tm08dOHAbdR3GrvP+yUUfkjG5ePsHYczMFLq3ZmMkAD98cDgcT2iA1lJ9NVwFd4tH/iSSoe44YWkltEA==

"@protobufjs/pool@^1.1.0":
  version "1.1.0"
  resolved "https://registry.yarnpkg.com/@protobufjs/pool/-/pool-1.1.0.tgz#09fd15f2d6d3abfa9b65bc366506d6ad7846ff54"
  integrity sha512-0kELaGSIDBKvcgS4zkjz1PeddatrjYcmMWOlAuAPwAeccUrPHdUqo/J6LiymHHEiJT5NrF1UVwxY14f+fy4WQw==

"@protobufjs/utf8@^1.1.0":
  version "1.1.0"
  resolved "https://registry.yarnpkg.com/@protobufjs/utf8/-/utf8-1.1.0.tgz#a777360b5b39a1a2e5106f8e858f2fd2d060c570"
  integrity sha512-Vvn3zZrhQZkkBE8LSuW3em98c0FwgO4nxzv6OdSxPKJIEKY2bGbHn+mhGIPerzI4twdxaP8/0+06HBpwf345Lw==

"@types/d3@^3":
  version "3.5.47"
  resolved "https://registry.yarnpkg.com/@types/d3/-/d3-3.5.47.tgz#b81042fcb0195c583fc037bc857d161469a7d175"
  integrity sha512-VkWIQoZXLFdcBGe5pdBKJmTU3fmpXvo/KV6ixvTzOMl1yJ2hbTXpfvsziag0kcaerPDwas2T0vxojwQG3YwivQ==

"@types/long@^4.0.1":
  version "4.0.2"
  resolved "https://registry.yarnpkg.com/@types/long/-/long-4.0.2.tgz#b74129719fc8d11c01868010082d483b7545591a"
  integrity sha512-MqTGEo5bj5t157U6fA/BiDynNkn0YknVdh48CMPkTSpFTVmvao5UQmm7uEF6xBEo7qIMAlY/JSleYaE6VOdpaA==

"@types/node@>=13.7.0":
  version "18.7.15"
  resolved "https://registry.yarnpkg.com/@types/node/-/node-18.7.15.tgz#20ae1ec80c57ee844b469f968a1cd511d4088b29"
  integrity sha512-XnjpaI8Bgc3eBag2Aw4t2Uj/49lLBSStHWfqKvIuXD7FIrZyMLWp8KuAFHAqxMZYTF9l08N1ctUn9YNybZJVmQ==

"@types/object-hash@^1.3.0":
  version "1.3.4"
  resolved "https://registry.yarnpkg.com/@types/object-hash/-/object-hash-1.3.4.tgz#079ba142be65833293673254831b5e3e847fe58b"
  integrity sha512-xFdpkAkikBgqBdG9vIlsqffDV8GpvnPEzs0IUtr1v3BEB97ijsFQ4RXVbUZwjFThhB4MDSTUfvmxUD5PGx0wXA==

"@types/offscreencanvas@^2019.7.0":
  version "2019.7.0"
  resolved "https://registry.yarnpkg.com/@types/offscreencanvas/-/offscreencanvas-2019.7.0.tgz#e4a932069db47bb3eabeb0b305502d01586fa90d"
  integrity sha512-PGcyveRIpL1XIqK8eBsmRBt76eFgtzuPiSTyKHZxnGemp2yzGzWpjYKAfK3wIMiU7eH+851yEpiuP8JZerTmWg==

"@types/pako@^2.0.0":
  version "2.0.0"
  resolved "https://registry.yarnpkg.com/@types/pako/-/pako-2.0.0.tgz#12ab4c19107528452e73ac99132c875ccd43bdfb"
  integrity sha512-10+iaz93qR5WYxTo+PMifD5TSxiOtdRaxBf7INGGXMQgTCu8Z/7GYWYFUOS3q/G0nE5boj1r4FEB+WSy7s5gbA==

"@types/plotly.js-basic-dist@^1.54.1":
  version "1.54.1"
  resolved "https://registry.yarnpkg.com/@types/plotly.js-basic-dist/-/plotly.js-basic-dist-1.54.1.tgz#bebb6d89178c5cf5a2629b142fc8c68329aa92e2"
  integrity sha512-PAowclM1Z9nfTGqLn2KrN3dDXF2M9TalggShN/k/6jyUZTkxfgSoJ3HGReyUqjxsRBgUZnWRIPmLOA+sDsGWFA==
  dependencies:
    "@types/plotly.js" "*"

"@types/plotly.js@*":
  version "2.12.3"
  resolved "https://registry.yarnpkg.com/@types/plotly.js/-/plotly.js-2.12.3.tgz#571d555fb78a0fbba9f396d91babc9fa863e8aa8"
  integrity sha512-zCz97C+xLDF/SqXcC8ITmiZDnukTg+gwBtXvyiY6tuUexGdK61hYFooec4nfgh+M4L9VkqpxdcITC5ZI/1U2uw==
  dependencies:
    "@types/d3" "^3"

"@types/sprintf-js@^1.1.2":
  version "1.1.2"
  resolved "https://registry.yarnpkg.com/@types/sprintf-js/-/sprintf-js-1.1.2.tgz#a4fcb84c7344f39f70dc4eec0e1e7f10a48597a3"
  integrity sha512-hkgzYF+qnIl8uTO8rmUSVSfQ8BIfMXC4yJAF4n8BE758YsKBZvFC4NumnAegj7KmylP0liEZNpb9RRGFMbFejA==

"@vitejs/plugin-vue@^3.1.2":
  version "3.1.2"
  resolved "https://registry.yarnpkg.com/@vitejs/plugin-vue/-/plugin-vue-3.1.2.tgz#3cd52114e8871a0b5e7bd7d837469c032e503036"
  integrity sha512-3zxKNlvA3oNaKDYX0NBclgxTQ1xaFdL7PzwF6zj9tGFziKwmBa3Q/6XcJQxudlT81WxDjEhHmevvIC4Orc1LhQ==

"@volar/language-core@1.0.6":
  version "1.0.6"
  resolved "https://registry.yarnpkg.com/@volar/language-core/-/language-core-1.0.6.tgz#8780d42f7d5a4190c95e83325428d20fd1c08ab2"
  integrity sha512-4PLbEpOWR9xoqlJTddnU/uOKc6Dh3G9lstTSob4BBvpso0pqGa2eN5eYKshwO2B/gNbyMOzL0nNNxgnm0mgFlg==
  dependencies:
    "@volar/source-map" "1.0.6"
    "@vue/reactivity" "^3.2.40"
    muggle-string "^0.1.0"

"@volar/source-map@1.0.6":
  version "1.0.6"
  resolved "https://registry.yarnpkg.com/@volar/source-map/-/source-map-1.0.6.tgz#9879e9a66ace715aca8d1d68d468cac6e08f229d"
  integrity sha512-RnsfanjHQlLR0BXPUPW8UXDU647yISnuywtJthkKlgCAoBDoJIA5LnUb6QqgPo9uImtMU1VZC8D8Cpx/EpaO6g==
  dependencies:
    muggle-string "^0.1.0"

"@volar/typescript@1.0.6":
  version "1.0.6"
  resolved "https://registry.yarnpkg.com/@volar/typescript/-/typescript-1.0.6.tgz#b7f7fec94d48249c12f106634843ba5309ffca9f"
  integrity sha512-qfeqQZ2fCRnk8JUlIbpUlypdfm1D6uLSi8e4DtVHYlg7hWU5diZypyZdQX32CBrZ7mYzMmYe3C2czkrRCGoO3g==
  dependencies:
    "@volar/language-core" "1.0.6"

"@volar/vue-language-core@1.0.6":
  version "1.0.6"
  resolved "https://registry.yarnpkg.com/@volar/vue-language-core/-/vue-language-core-1.0.6.tgz#538612b4ee05c80c8933f848213ba00ae9ae4f83"
  integrity sha512-JFG8bOI448pArxCBMRH7Q6rw9/rtRggz/YwaGiewkftg3a04BKF0zwVe8SUg9XEdcdTwQdAcmdBxIlSPTl0LEA==
  dependencies:
    "@volar/language-core" "1.0.6"
    "@volar/source-map" "1.0.6"
    "@vue/compiler-dom" "^3.2.40"
    "@vue/compiler-sfc" "^3.2.40"
    "@vue/reactivity" "^3.2.40"
    "@vue/shared" "^3.2.40"
    minimatch "^5.1.0"
    vue-template-compiler "^2.7.10"

"@volar/vue-typescript@1.0.6":
  version "1.0.6"
  resolved "https://registry.yarnpkg.com/@volar/vue-typescript/-/vue-typescript-1.0.6.tgz#9d8cf7ac989c98f8ab945b32937a1dae50e4150c"
  integrity sha512-1ct4Nc3fzCfwUorkx2NiJ07kB65ZKms3VKTHsH4OXWhy5wlGCd8Oq09KLYu3zz3eOd0WfjkNTrRmOnf6dfTO8A==
  dependencies:
    "@volar/typescript" "1.0.6"
    "@volar/vue-language-core" "1.0.6"

"@vue/compiler-core@3.2.40":
  version "3.2.40"
  resolved "https://registry.yarnpkg.com/@vue/compiler-core/-/compiler-core-3.2.40.tgz#c785501f09536748121e937fb87605bbb1ada8e5"
  integrity sha512-2Dc3Stk0J/VyQ4OUr2yEC53kU28614lZS+bnrCbFSAIftBJ40g/2yQzf4mPBiFuqguMB7hyHaujdgZAQ67kZYA==
  dependencies:
    "@babel/parser" "^7.16.4"
    "@vue/shared" "3.2.40"
    estree-walker "^2.0.2"
    source-map "^0.6.1"

"@vue/compiler-dom@3.2.40", "@vue/compiler-dom@^3.2.40":
  version "3.2.40"
  resolved "https://registry.yarnpkg.com/@vue/compiler-dom/-/compiler-dom-3.2.40.tgz#c225418773774db536174d30d3f25ba42a33e7e4"
  integrity sha512-OZCNyYVC2LQJy4H7h0o28rtk+4v+HMQygRTpmibGoG9wZyomQiS5otU7qo3Wlq5UfHDw2RFwxb9BJgKjVpjrQw==
  dependencies:
    "@vue/compiler-core" "3.2.40"
    "@vue/shared" "3.2.40"

"@vue/compiler-sfc@3.2.40", "@vue/compiler-sfc@^3.2.40":
  version "3.2.40"
  resolved "https://registry.yarnpkg.com/@vue/compiler-sfc/-/compiler-sfc-3.2.40.tgz#61823283efc84d25d9d2989458f305d32a2ed141"
  integrity sha512-tzqwniIN1fu1PDHC3CpqY/dPCfN/RN1thpBC+g69kJcrl7mbGiHKNwbA6kJ3XKKy8R6JLKqcpVugqN4HkeBFFg==
  dependencies:
    "@babel/parser" "^7.16.4"
    "@vue/compiler-core" "3.2.40"
    "@vue/compiler-dom" "3.2.40"
    "@vue/compiler-ssr" "3.2.40"
    "@vue/reactivity-transform" "3.2.40"
    "@vue/shared" "3.2.40"
    estree-walker "^2.0.2"
    magic-string "^0.25.7"
    postcss "^8.1.10"
    source-map "^0.6.1"

"@vue/compiler-ssr@3.2.40":
  version "3.2.40"
  resolved "https://registry.yarnpkg.com/@vue/compiler-ssr/-/compiler-ssr-3.2.40.tgz#67df95a096c63e9ec4b50b84cc6f05816793629c"
  integrity sha512-80cQcgasKjrPPuKcxwuCx7feq+wC6oFl5YaKSee9pV3DNq+6fmCVwEEC3vvkf/E2aI76rIJSOYHsWSEIxK74oQ==
  dependencies:
    "@vue/compiler-dom" "3.2.40"
    "@vue/shared" "3.2.40"

"@vue/devtools-api@^6.4.4":
  version "6.4.4"
  resolved "https://registry.yarnpkg.com/@vue/devtools-api/-/devtools-api-6.4.4.tgz#0b024fc8ca91bb4b6035abaf53c5aecc17119b3b"
  integrity sha512-Ku31WzpOV/8cruFaXaEZKF81WkNnvCSlBY4eOGtz5WMSdJvX1v1WWlSMGZeqUwPtQ27ZZz7B62erEMq8JDjcXw==

"@vue/reactivity-transform@3.2.40":
  version "3.2.40"
  resolved "https://registry.yarnpkg.com/@vue/reactivity-transform/-/reactivity-transform-3.2.40.tgz#dc24b9074b26f0d9dd2034c6349f5bb2a51c86ac"
  integrity sha512-HQUCVwEaacq6fGEsg2NUuGKIhUveMCjOk8jGHqLXPI2w6zFoPrlQhwWEaINTv5kkZDXKEnCijAp+4gNEHG03yw==
  dependencies:
    "@babel/parser" "^7.16.4"
    "@vue/compiler-core" "3.2.40"
    "@vue/shared" "3.2.40"
    estree-walker "^2.0.2"
    magic-string "^0.25.7"

"@vue/reactivity@3.2.40", "@vue/reactivity@^3.2.40":
  version "3.2.40"
  resolved "https://registry.yarnpkg.com/@vue/reactivity/-/reactivity-3.2.40.tgz#ae65496f5b364e4e481c426f391568ed7d133cca"
  integrity sha512-N9qgGLlZmtUBMHF9xDT4EkD9RdXde1Xbveb+niWMXuHVWQP5BzgRmE3SFyUBBcyayG4y1lhoz+lphGRRxxK4RA==
  dependencies:
    "@vue/shared" "3.2.40"

"@vue/runtime-core@3.2.40":
  version "3.2.40"
  resolved "https://registry.yarnpkg.com/@vue/runtime-core/-/runtime-core-3.2.40.tgz#e814358bf1b0ff6d4a6b4f8f62d9f341964fb275"
  integrity sha512-U1+rWf0H8xK8aBUZhnrN97yoZfHbjgw/bGUzfgKPJl69/mXDuSg8CbdBYBn6VVQdR947vWneQBFzdhasyzMUKg==
  dependencies:
    "@vue/reactivity" "3.2.40"
    "@vue/shared" "3.2.40"

"@vue/runtime-dom@3.2.40":
  version "3.2.40"
  resolved "https://registry.yarnpkg.com/@vue/runtime-dom/-/runtime-dom-3.2.40.tgz#975119feac5ab703aa9bbbf37c9cc966602c8eab"
  integrity sha512-AO2HMQ+0s2+MCec8hXAhxMgWhFhOPJ/CyRXnmTJ6XIOnJFLrH5Iq3TNwvVcODGR295jy77I6dWPj+wvFoSYaww==
  dependencies:
    "@vue/runtime-core" "3.2.40"
    "@vue/shared" "3.2.40"
    csstype "^2.6.8"

"@vue/server-renderer@3.2.40":
  version "3.2.40"
  resolved "https://registry.yarnpkg.com/@vue/server-renderer/-/server-renderer-3.2.40.tgz#55eaac31f7105c3907e1895129bf4efb6b0ce393"
  integrity sha512-gtUcpRwrXOJPJ4qyBpU3EyxQa4EkV8I4f8VrDePcGCPe4O/hd0BPS7v9OgjIQob6Ap8VDz9G+mGTKazE45/95w==
  dependencies:
    "@vue/compiler-ssr" "3.2.40"
    "@vue/shared" "3.2.40"

"@vue/shared@3.2.40", "@vue/shared@^3.2.40":
  version "3.2.40"
  resolved "https://registry.yarnpkg.com/@vue/shared/-/shared-3.2.40.tgz#e57799da2a930b975321981fcee3d1e90ed257ae"
  integrity sha512-0PLQ6RUtZM0vO3teRfzGi4ltLUO5aO+kLgwh4Um3THSR03rpQWLTuRCkuO5A41ITzwdWeKdPHtSARuPkoo5pCQ==

balanced-match@^1.0.0:
  version "1.0.2"
  resolved "https://registry.yarnpkg.com/balanced-match/-/balanced-match-1.0.2.tgz#e83e3a7e3f300b34cb9d87f615fa0cbf357690ee"
  integrity sha512-3oSeUO0TMV67hN1AmbXsK4yaqU7tjiHlbxRDZOpH0KW9+CeX4bRAaX0Anxt0tx2MrpRpWwQaPwIlISEJhYU5Pw==

brace-expansion@^2.0.1:
  version "2.0.1"
  resolved "https://registry.yarnpkg.com/brace-expansion/-/brace-expansion-2.0.1.tgz#1edc459e0f0c548486ecf9fc99f2221364b9a0ae"
  integrity sha512-XnAIvQ8eM+kC6aULx6wuQiwVsnzsi9d3WxzV3FpWTGA19F621kwdbsAcFKXgKUHZWsy+mY6iL1sHTxWEFCytDA==
  dependencies:
    balanced-match "^1.0.0"

csstype@^2.6.8:
  version "2.6.20"
  resolved "https://registry.yarnpkg.com/csstype/-/csstype-2.6.20.tgz#9229c65ea0b260cf4d3d997cb06288e36a8d6dda"
  integrity sha512-/WwNkdXfckNgw6S5R125rrW8ez139lBHWouiBvX8dfMFtcn6V81REDqnH7+CRpRipfYlyU1CmOnOxrmGcFOjeA==

dataloader@^1.4.0:
  version "1.4.0"
  resolved "https://registry.yarnpkg.com/dataloader/-/dataloader-1.4.0.tgz#bca11d867f5d3f1b9ed9f737bd15970c65dff5c8"
  integrity sha512-68s5jYdlvasItOJnCuI2Q9s4q98g0pCyL3HrcKJu8KNugUl8ahgmZYg38ysLTgQjjXX3H8CJLkAvWrclWfcalw==

de-indent@^1.0.2:
  version "1.0.2"
  resolved "https://registry.yarnpkg.com/de-indent/-/de-indent-1.0.2.tgz#b2038e846dc33baa5796128d0804b455b8c1e21d"
  integrity sha512-e/1zu3xH5MQryN2zdVaF0OrdNLUbvWxzMbi+iNA6Bky7l1RoP8a2fIbRocyHclXt/arDrrR6lL3TqFD9pMQTsg==

detect-libc@^1.0.3:
  version "1.0.3"
  resolved "https://registry.yarnpkg.com/detect-libc/-/detect-libc-1.0.3.tgz#fa137c4bd698edf55cd5cd02ac559f91a4c4ba9b"
  integrity sha512-pGjwhsmsp4kL2RTz08wcOlGN83otlqHeD/Z5T8GXZB+/YcpQ/dgo+lbU8ZsGxV0HIvqqxo9l7mqYwyYMD9bKDg==

dprint-node@^1.0.7:
  version "1.0.7"
  resolved "https://registry.yarnpkg.com/dprint-node/-/dprint-node-1.0.7.tgz#f571eaf61affb3a696cff1bdde78a021875ba540"
  integrity sha512-NTZOW9A7ipb0n7z7nC3wftvsbceircwVHSgzobJsEQa+7RnOMbhrfX5IflA6CtC4GA63DSAiHYXa4JKEy9F7cA==
  dependencies:
    detect-libc "^1.0.3"

esbuild-android-64@0.15.10:
  version "0.15.10"
  resolved "https://registry.yarnpkg.com/esbuild-android-64/-/esbuild-android-64-0.15.10.tgz#8a59a84acbf2eca96996cadc35642cf055c494f0"
  integrity sha512-UI7krF8OYO1N7JYTgLT9ML5j4+45ra3amLZKx7LO3lmLt1Ibn8t3aZbX5Pu4BjWiqDuJ3m/hsvhPhK/5Y/YpnA==

esbuild-android-arm64@0.15.10:
  version "0.15.10"
  resolved "https://registry.yarnpkg.com/esbuild-android-arm64/-/esbuild-android-arm64-0.15.10.tgz#f453851dc1d8c5409a38cf7613a33852faf4915d"
  integrity sha512-EOt55D6xBk5O05AK8brXUbZmoFj4chM8u3riGflLa6ziEoVvNjRdD7Cnp82NHQGfSHgYR06XsPI8/sMuA/cUwg==

esbuild-darwin-64@0.15.10:
  version "0.15.10"
  resolved "https://registry.yarnpkg.com/esbuild-darwin-64/-/esbuild-darwin-64-0.15.10.tgz#778bd29c8186ff47b176c8af58c08cf0fb8e6b86"
  integrity sha512-hbDJugTicqIm+WKZgp208d7FcXcaK8j2c0l+fqSJ3d2AzQAfjEYDRM3Z2oMeqSJ9uFxyj/muSACLdix7oTstRA==

esbuild-darwin-arm64@0.15.10:
  version "0.15.10"
  resolved "https://registry.yarnpkg.com/esbuild-darwin-arm64/-/esbuild-darwin-arm64-0.15.10.tgz#b30bbefb46dc3c5d4708b0435e52f6456578d6df"
  integrity sha512-M1t5+Kj4IgSbYmunf2BB6EKLkWUq+XlqaFRiGOk8bmBapu9bCDrxjf4kUnWn59Dka3I27EiuHBKd1rSO4osLFQ==

esbuild-freebsd-64@0.15.10:
  version "0.15.10"
  resolved "https://registry.yarnpkg.com/esbuild-freebsd-64/-/esbuild-freebsd-64-0.15.10.tgz#ab301c5f6ded5110dbdd611140bef1a7c2e99236"
  integrity sha512-KMBFMa7C8oc97nqDdoZwtDBX7gfpolkk6Bcmj6YFMrtCMVgoU/x2DI1p74DmYl7CSS6Ppa3xgemrLrr5IjIn0w==

esbuild-freebsd-arm64@0.15.10:
  version "0.15.10"
  resolved "https://registry.yarnpkg.com/esbuild-freebsd-arm64/-/esbuild-freebsd-arm64-0.15.10.tgz#a5b09b867a6ff49110f52343b6f12265db63d43f"
  integrity sha512-m2KNbuCX13yQqLlbSojFMHpewbn8wW5uDS6DxRpmaZKzyq8Dbsku6hHvh2U+BcLwWY4mpgXzFUoENEf7IcioGg==

esbuild-linux-32@0.15.10:
  version "0.15.10"
  resolved "https://registry.yarnpkg.com/esbuild-linux-32/-/esbuild-linux-32-0.15.10.tgz#5282fe9915641caf9c8070e4ba2c3e16d358f837"
  integrity sha512-guXrwSYFAvNkuQ39FNeV4sNkNms1bLlA5vF1H0cazZBOLdLFIny6BhT+TUbK/hdByMQhtWQ5jI9VAmPKbVPu1w==

esbuild-linux-64@0.15.10:
  version "0.15.10"
  resolved "https://registry.yarnpkg.com/esbuild-linux-64/-/esbuild-linux-64-0.15.10.tgz#f3726e85a00149580cb19f8abfabcbb96f5d52bb"
  integrity sha512-jd8XfaSJeucMpD63YNMO1JCrdJhckHWcMv6O233bL4l6ogQKQOxBYSRP/XLWP+6kVTu0obXovuckJDcA0DKtQA==

esbuild-linux-arm64@0.15.10:
  version "0.15.10"
  resolved "https://registry.yarnpkg.com/esbuild-linux-arm64/-/esbuild-linux-arm64-0.15.10.tgz#2f0056e9d5286edb0185b56655caa8c574d8dbe7"
  integrity sha512-GByBi4fgkvZFTHFDYNftu1DQ1GzR23jws0oWyCfhnI7eMOe+wgwWrc78dbNk709Ivdr/evefm2PJiUBMiusS1A==

esbuild-linux-arm@0.15.10:
  version "0.15.10"
  resolved "https://registry.yarnpkg.com/esbuild-linux-arm/-/esbuild-linux-arm-0.15.10.tgz#40a9270da3c8ffa32cf72e24a79883e323dff08d"
  integrity sha512-6N8vThLL/Lysy9y4Ex8XoLQAlbZKUyExCWyayGi2KgTBelKpPgj6RZnUaKri0dHNPGgReJriKVU6+KDGQwn10A==

esbuild-linux-mips64le@0.15.10:
  version "0.15.10"
  resolved "https://registry.yarnpkg.com/esbuild-linux-mips64le/-/esbuild-linux-mips64le-0.15.10.tgz#90ce1c4ee0202edb4ac69807dea77f7e5804abc4"
  integrity sha512-BxP+LbaGVGIdQNJUNF7qpYjEGWb0YyHVSKqYKrn+pTwH/SiHUxFyJYSP3pqkku61olQiSBnSmWZ+YUpj78Tw7Q==

esbuild-linux-ppc64le@0.15.10:
  version "0.15.10"
  resolved "https://registry.yarnpkg.com/esbuild-linux-ppc64le/-/esbuild-linux-ppc64le-0.15.10.tgz#782837ae7bd5b279178106c9dd801755a21fabdf"
  integrity sha512-LoSQCd6498PmninNgqd/BR7z3Bsk/mabImBWuQ4wQgmQEeanzWd5BQU2aNi9mBURCLgyheuZS6Xhrw5luw3OkQ==

esbuild-linux-riscv64@0.15.10:
  version "0.15.10"
  resolved "https://registry.yarnpkg.com/esbuild-linux-riscv64/-/esbuild-linux-riscv64-0.15.10.tgz#d7420d806ece5174f24f4634303146f915ab4207"
  integrity sha512-Lrl9Cr2YROvPV4wmZ1/g48httE8z/5SCiXIyebiB5N8VT7pX3t6meI7TQVHw/wQpqP/AF4SksDuFImPTM7Z32Q==

esbuild-linux-s390x@0.15.10:
  version "0.15.10"
  resolved "https://registry.yarnpkg.com/esbuild-linux-s390x/-/esbuild-linux-s390x-0.15.10.tgz#21fdf0cb3494a7fb520a71934e4dffce67fe47be"
  integrity sha512-ReP+6q3eLVVP2lpRrvl5EodKX7EZ1bS1/z5j6hsluAlZP5aHhk6ghT6Cq3IANvvDdscMMCB4QEbI+AjtvoOFpA==

esbuild-netbsd-64@0.15.10:
  version "0.15.10"
  resolved "https://registry.yarnpkg.com/esbuild-netbsd-64/-/esbuild-netbsd-64-0.15.10.tgz#6c06b3107e3df53de381e6299184d4597db0440f"
  integrity sha512-iGDYtJCMCqldMskQ4eIV+QSS/CuT7xyy9i2/FjpKvxAuCzrESZXiA1L64YNj6/afuzfBe9i8m/uDkFHy257hTw==

esbuild-openbsd-64@0.15.10:
  version "0.15.10"
  resolved "https://registry.yarnpkg.com/esbuild-openbsd-64/-/esbuild-openbsd-64-0.15.10.tgz#4daef5f5d8e74bbda53b65160029445d582570cf"
  integrity sha512-ftMMIwHWrnrYnvuJQRJs/Smlcb28F9ICGde/P3FUTCgDDM0N7WA0o9uOR38f5Xe2/OhNCgkjNeb7QeaE3cyWkQ==

esbuild-sunos-64@0.15.10:
  version "0.15.10"
  resolved "https://registry.yarnpkg.com/esbuild-sunos-64/-/esbuild-sunos-64-0.15.10.tgz#5fe7bef267a02f322fd249a8214d0274937388a7"
  integrity sha512-mf7hBL9Uo2gcy2r3rUFMjVpTaGpFJJE5QTDDqUFf1632FxteYANffDZmKbqX0PfeQ2XjUDE604IcE7OJeoHiyg==

esbuild-windows-32@0.15.10:
  version "0.15.10"
  resolved "https://registry.yarnpkg.com/esbuild-windows-32/-/esbuild-windows-32-0.15.10.tgz#48e3dde25ab0135579a288b30ab6ddef6d1f0b28"
  integrity sha512-ttFVo+Cg8b5+qHmZHbEc8Vl17kCleHhLzgT8X04y8zudEApo0PxPg9Mz8Z2cKH1bCYlve1XL8LkyXGFjtUYeGg==

esbuild-windows-64@0.15.10:
  version "0.15.10"
  resolved "https://registry.yarnpkg.com/esbuild-windows-64/-/esbuild-windows-64-0.15.10.tgz#387a9515bef3fee502d277a5d0a2db49a4ecda05"
  integrity sha512-2H0gdsyHi5x+8lbng3hLbxDWR7mKHWh5BXZGKVG830KUmXOOWFE2YKJ4tHRkejRduOGDrBvHBriYsGtmTv3ntA==

esbuild-windows-arm64@0.15.10:
  version "0.15.10"
  resolved "https://registry.yarnpkg.com/esbuild-windows-arm64/-/esbuild-windows-arm64-0.15.10.tgz#5a6fcf2fa49e895949bf5495cf088ab1b43ae879"
  integrity sha512-S+th4F+F8VLsHLR0zrUcG+Et4hx0RKgK1eyHc08kztmLOES8BWwMiaGdoW9hiXuzznXQ0I/Fg904MNbr11Nktw==

esbuild@^0.15.9:
  version "0.15.10"
  resolved "https://registry.yarnpkg.com/esbuild/-/esbuild-0.15.10.tgz#85c2f8446e9b1fe04fae68daceacba033eedbd42"
  integrity sha512-N7wBhfJ/E5fzn/SpNgX+oW2RLRjwaL8Y0ezqNqhjD6w0H2p0rDuEz2FKZqpqLnO8DCaWumKe8dsC/ljvVSSxng==
  optionalDependencies:
    "@esbuild/android-arm" "0.15.10"
    "@esbuild/linux-loong64" "0.15.10"
    esbuild-android-64 "0.15.10"
    esbuild-android-arm64 "0.15.10"
    esbuild-darwin-64 "0.15.10"
    esbuild-darwin-arm64 "0.15.10"
    esbuild-freebsd-64 "0.15.10"
    esbuild-freebsd-arm64 "0.15.10"
    esbuild-linux-32 "0.15.10"
    esbuild-linux-64 "0.15.10"
    esbuild-linux-arm "0.15.10"
    esbuild-linux-arm64 "0.15.10"
    esbuild-linux-mips64le "0.15.10"
    esbuild-linux-ppc64le "0.15.10"
    esbuild-linux-riscv64 "0.15.10"
    esbuild-linux-s390x "0.15.10"
    esbuild-netbsd-64 "0.15.10"
    esbuild-openbsd-64 "0.15.10"
    esbuild-sunos-64 "0.15.10"
    esbuild-windows-32 "0.15.10"
    esbuild-windows-64 "0.15.10"
    esbuild-windows-arm64 "0.15.10"

estree-walker@^2.0.2:
  version "2.0.2"
  resolved "https://registry.yarnpkg.com/estree-walker/-/estree-walker-2.0.2.tgz#52f010178c2a4c117a7757cfe942adb7d2da4cac"
  integrity sha512-Rfkk/Mp/DL7JVje3u18FxFujQlTNR2q6QfMSMB7AvCBx91NGj/ba3kCfza0f6dVDbw7YlRf/nDrn7pQrCCyQ/w==

fsevents@~2.3.2:
  version "2.3.2"
  resolved "https://registry.yarnpkg.com/fsevents/-/fsevents-2.3.2.tgz#8a526f78b8fdf4623b709e0b975c52c24c02fd1a"
  integrity sha512-xiqMQR4xAeHTuB9uWm+fFRcIOgKBMiOBP+eXiyT7jsgVCq1bkVygt00oASowB7EdtpOHaaPgKt812P9ab+DDKA==

function-bind@^1.1.1:
  version "1.1.1"
  resolved "https://registry.yarnpkg.com/function-bind/-/function-bind-1.1.1.tgz#a56899d3ea3c9bab874bb9773b7c5ede92f4895d"
  integrity sha512-yIovAzMX49sF8Yl58fSCWJ5svSLuaibPxXQJFLmBObTuCr0Mf1KiPopGM9NiFjiYBCbfaa2Fh6breQ6ANVTI0A==

has@^1.0.3:
  version "1.0.3"
  resolved "https://registry.yarnpkg.com/has/-/has-1.0.3.tgz#722d7cbfc1f6aa8241f16dd814e011e1f41e8796"
  integrity sha512-f2dvO0VU6Oej7RkWJGrehjbzMAjFp5/VKPp5tTpWIV4JHHZK1/BxbFRtf/siA2SWTe09caDmVtYYzWEIbBS4zw==
  dependencies:
    function-bind "^1.1.1"

he@^1.2.0:
  version "1.2.0"
  resolved "https://registry.yarnpkg.com/he/-/he-1.2.0.tgz#84ae65fa7eafb165fddb61566ae14baf05664f0f"
  integrity sha512-F/1DnUGPopORZi0ni+CvrCgHQ5FyEAHRLSApuYWMmrbSwoN2Mn/7k+Gl38gJnR7yyDZk6WLXwiGod1JOWNDKGw==

is-core-module@^2.9.0:
  version "2.10.0"
  resolved "https://registry.yarnpkg.com/is-core-module/-/is-core-module-2.10.0.tgz#9012ede0a91c69587e647514e1d5277019e728ed"
  integrity sha512-Erxj2n/LDAZ7H8WNJXd9tw38GYM3dv8rk8Zcs+jJuxYTW7sozH+SS8NtrSjVL1/vpLvWi1hxy96IzjJ3EHTJJg==
  dependencies:
    has "^1.0.3"

long@^4.0.0:
  version "4.0.0"
  resolved "https://registry.yarnpkg.com/long/-/long-4.0.0.tgz#9a7b71cfb7d361a194ea555241c92f7468d5bf28"
  integrity sha512-XsP+KhQif4bjX1kbuSiySJFNAehNxgLb6hPRGJ9QsUr8ajHkuXGdrHmFUTUUXhDwVX2R5bY4JNZEwbUiMhV+MA==

magic-string@^0.25.7:
  version "0.25.9"
  resolved "https://registry.yarnpkg.com/magic-string/-/magic-string-0.25.9.tgz#de7f9faf91ef8a1c91d02c2e5314c8277dbcdd1c"
  integrity sha512-RmF0AsMzgt25qzqqLc1+MbHmhdx0ojF2Fvs4XnOqz2ZOBXzzkEwc/dJQZCYHAn7v1jbVOjAZfK8msRn4BxO4VQ==
  dependencies:
    sourcemap-codec "^1.4.8"

minimatch@^5.1.0:
  version "5.1.0"
  resolved "https://registry.yarnpkg.com/minimatch/-/minimatch-5.1.0.tgz#1717b464f4971b144f6aabe8f2d0b8e4511e09c7"
  integrity sha512-9TPBGGak4nHfGZsPBohm9AWg6NoT7QTCehS3BIJABslyZbzxfV78QM2Y6+i741OPZIafFAaiiEMh5OyIrJPgtg==
  dependencies:
    brace-expansion "^2.0.1"

muggle-string@^0.1.0:
  version "0.1.0"
  resolved "https://registry.yarnpkg.com/muggle-string/-/muggle-string-0.1.0.tgz#1fda8a281c8b27bb8b70466dbc9f27586a8baa6c"
  integrity sha512-Tr1knR3d2mKvvWthlk7202rywKbiOm4rVFLsfAaSIhJ6dt9o47W4S+JMtWhd/PW9Wrdew2/S2fSvhz3E2gkfEg==

nanoid@^3.3.4:
  version "3.3.4"
  resolved "https://registry.yarnpkg.com/nanoid/-/nanoid-3.3.4.tgz#730b67e3cd09e2deacf03c027c81c9d9dbc5e8ab"
  integrity sha512-MqBkQh/OHTS2egovRtLk45wEyNXwF+cokD+1YPf9u5VfJiRdAiRwB2froX5Co9Rh20xs4siNPm8naNotSD6RBw==

object-hash@^1.3.1:
  version "1.3.1"
  resolved "https://registry.yarnpkg.com/object-hash/-/object-hash-1.3.1.tgz#fde452098a951cb145f039bb7d455449ddc126df"
  integrity sha512-OSuu/pU4ENM9kmREg0BdNrUDIl1heYa4mBZacJc+vVWz4GtAwu7jO8s4AIt2aGRUTqxykpWzI3Oqnsm13tTMDA==

pako@^2.0.4:
  version "2.0.4"
  resolved "https://registry.yarnpkg.com/pako/-/pako-2.0.4.tgz#6cebc4bbb0b6c73b0d5b8d7e8476e2b2fbea576d"
  integrity sha512-v8tweI900AUkZN6heMU/4Uy4cXRc2AYNRggVmTR+dEncawDJgCdLMximOVA2p4qO57WMynangsfGRb5WD6L1Bg==

path-parse@^1.0.7:
  version "1.0.7"
  resolved "https://registry.yarnpkg.com/path-parse/-/path-parse-1.0.7.tgz#fbc114b60ca42b30d9daf5858e4bd68bbedb6735"
  integrity sha512-LDJzPVEEEPR+y48z93A0Ed0yXb8pAByGWo/k5YYdYgpY2/2EsOsksJrq7lOHxryrVOn1ejG6oAp8ahvOIQD8sw==

picocolors@^1.0.0:
  version "1.0.0"
  resolved "https://registry.yarnpkg.com/picocolors/-/picocolors-1.0.0.tgz#cb5bdc74ff3f51892236eaf79d68bc44564ab81c"
  integrity sha512-1fygroTLlHu66zi26VoTDv8yRgm0Fccecssto+MhsZ0D/DGW2sm8E8AjW7NU5VVTRt5GxbeZ5qBuJr+HyLYkjQ==

pinia@^2.0.23:
  version "2.0.23"
  resolved "https://registry.yarnpkg.com/pinia/-/pinia-2.0.23.tgz#570f5f82160b656b412602789683faa95502d227"
  integrity sha512-N15hFf4o5STrxpNrib1IEb1GOArvPYf1zPvQVRGOO1G1d74Ak0J0lVyalX/SmrzdT4Q0nlEFjbURsmBmIGUR5Q==
  dependencies:
    "@vue/devtools-api" "^6.4.4"
    vue-demi "*"

plotly.js-basic-dist@^2.15.1:
  version "2.15.1"
  resolved "https://registry.yarnpkg.com/plotly.js-basic-dist/-/plotly.js-basic-dist-2.15.1.tgz#70028c72fb85b417f6eddc2d47dd513712584531"
  integrity sha512-CpzJg3M2/cJHLzR785CVLM+76rUIREiJDE8+7mZ+V8yhkmM3fi/fksIdZjEB1czfci1oF7D3Xu02SZjteZexkg==

postcss@^8.1.10, postcss@^8.4.16:
  version "8.4.16"
  resolved "https://registry.yarnpkg.com/postcss/-/postcss-8.4.16.tgz#33a1d675fac39941f5f445db0de4db2b6e01d43c"
  integrity sha512-ipHE1XBvKzm5xI7hiHCZJCSugxvsdq2mPnsq5+UF+VHCjiBvtDrlxJfMBToWaP9D5XlgNmcFGqoHmUn0EYEaRQ==
  dependencies:
    nanoid "^3.3.4"
    picocolors "^1.0.0"
    source-map-js "^1.0.2"

protobufjs@^6.11.3, protobufjs@^6.8.8:
  version "6.11.3"
  resolved "https://registry.yarnpkg.com/protobufjs/-/protobufjs-6.11.3.tgz#637a527205a35caa4f3e2a9a4a13ddffe0e7af74"
  integrity sha512-xL96WDdCZYdU7Slin569tFX712BxsxslWwAfAhCYjQKGTq7dAU91Lomy6nLLhh/dyGhk/YH4TwTSRxTzhuHyZg==
  dependencies:
    "@protobufjs/aspromise" "^1.1.2"
    "@protobufjs/base64" "^1.1.2"
    "@protobufjs/codegen" "^2.0.4"
    "@protobufjs/eventemitter" "^1.1.0"
    "@protobufjs/fetch" "^1.1.0"
    "@protobufjs/float" "^1.0.2"
    "@protobufjs/inquire" "^1.1.0"
    "@protobufjs/path" "^1.1.2"
    "@protobufjs/pool" "^1.1.0"
    "@protobufjs/utf8" "^1.1.0"
    "@types/long" "^4.0.1"
    "@types/node" ">=13.7.0"
    long "^4.0.0"

resolve@^1.22.1:
  version "1.22.1"
  resolved "https://registry.yarnpkg.com/resolve/-/resolve-1.22.1.tgz#27cb2ebb53f91abb49470a928bba7558066ac177"
  integrity sha512-nBpuuYuY5jFsli/JIs1oldw6fOQCBioohqWZg/2hiaOybXOft4lonv85uDOKXdf8rhyK159cxU5cDcK/NKk8zw==
  dependencies:
    is-core-module "^2.9.0"
    path-parse "^1.0.7"
    supports-preserve-symlinks-flag "^1.0.0"

rollup@~2.78.0:
  version "2.78.1"
  resolved "https://registry.yarnpkg.com/rollup/-/rollup-2.78.1.tgz#52fe3934d9c83cb4f7c4cb5fb75d88591be8648f"
  integrity sha512-VeeCgtGi4P+o9hIg+xz4qQpRl6R401LWEXBmxYKOV4zlF82lyhgh2hTZnheFUbANE8l2A41F458iwj2vEYaXJg==
  optionalDependencies:
    fsevents "~2.3.2"

source-map-js@^1.0.2:
  version "1.0.2"
  resolved "https://registry.yarnpkg.com/source-map-js/-/source-map-js-1.0.2.tgz#adbc361d9c62df380125e7f161f71c826f1e490c"
  integrity sha512-R0XvVJ9WusLiqTCEiGCmICCMplcCkIwwR11mOSD9CR5u+IXYdiseeEuXCVAjS54zqwkLcPNnmU4OeJ6tUrWhDw==

source-map@^0.6.1:
  version "0.6.1"
  resolved "https://registry.yarnpkg.com/source-map/-/source-map-0.6.1.tgz#74722af32e9614e9c287a8d0bbde48b5e2f1a263"
  integrity sha512-UjgapumWlbMhkBgzT7Ykc5YXUT46F0iKu8SGXq0bcwP5dz/h0Plj6enJqjz1Zbq2l5WaqYnrVbwWOWMyF3F47g==

sourcemap-codec@^1.4.8:
  version "1.4.8"
  resolved "https://registry.yarnpkg.com/sourcemap-codec/-/sourcemap-codec-1.4.8.tgz#ea804bd94857402e6992d05a38ef1ae35a9ab4c4"
  integrity sha512-9NykojV5Uih4lgo5So5dtw+f0JgJX30KCNI8gwhz2J9A15wD0Ml6tjHKwf6fTSa6fAdVBdZeNOs9eJ71qCk8vA==

sprintf-js@^1.1.2:
  version "1.1.2"
  resolved "https://registry.yarnpkg.com/sprintf-js/-/sprintf-js-1.1.2.tgz#da1765262bf8c0f571749f2ad6c26300207ae673"
  integrity sha512-VE0SOVEHCk7Qc8ulkWw3ntAzXuqf7S2lvwQaDLRnUeIEaKNQJzV6BwmLKhOqT61aGhfUMrXeaBk+oDGCzvhcug==

supports-preserve-symlinks-flag@^1.0.0:
  version "1.0.0"
  resolved "https://registry.yarnpkg.com/supports-preserve-symlinks-flag/-/supports-preserve-symlinks-flag-1.0.0.tgz#6eda4bd344a3c94aea376d4cc31bc77311039e09"
  integrity sha512-ot0WnXS9fgdkgIcePe6RHNk1WA8+muPa6cSjeR3V8K27q9BB1rTE3R1p7Hv0z1ZyAc8s6Vvv8DIyWf681MAt0w==

ts-poet@^6.1.0:
  version "6.1.0"
  resolved "https://registry.yarnpkg.com/ts-poet/-/ts-poet-6.1.0.tgz#c5c3d679dfce1fe39acb5f5415275c5d6a598cb7"
  integrity sha512-PFwbNJjGrb44wzHUGQicG2/nhjR+3+k7zYLDTa8D61NVUitl7K/JgIc9/P+8oMNenntKzLc8tjLDOkPrxIhm6A==
  dependencies:
    dprint-node "^1.0.7"

ts-proto-descriptors@1.7.1:
  version "1.7.1"
  resolved "https://registry.yarnpkg.com/ts-proto-descriptors/-/ts-proto-descriptors-1.7.1.tgz#685d00305b06adfa929fd5a016a419382cd64c50"
  integrity sha512-oIKUh3K4Xts4v29USGLfUG+2mEk32MsqpgZAOUyUlkrcIdv34yE+k2oZ2Nzngm6cV/JgFdOxRCqeyvmWHuYAyw==
  dependencies:
    long "^4.0.0"
    protobufjs "^6.8.8"

ts-proto@^1.110.4:
  version "1.125.0"
  resolved "https://registry.yarnpkg.com/ts-proto/-/ts-proto-1.125.0.tgz#54c54e25ea2d4cd04dafa4bd7a20047380982d63"
  integrity sha512-ADXnF+Psk3SaLzxtXrhvKUDrNNpg7LnL5rQuQL+u9PiOQ4C2ktWLvJM0VtL4zqQ9/OHROmXjebpR0KMZAkI93w==
  dependencies:
    "@types/object-hash" "^1.3.0"
    dataloader "^1.4.0"
    object-hash "^1.3.1"
    protobufjs "^6.11.3"
    ts-poet "^6.1.0"
    ts-proto-descriptors "1.7.1"

typescript@^4.8.4:
  version "4.8.4"
  resolved "https://registry.yarnpkg.com/typescript/-/typescript-4.8.4.tgz#c464abca159669597be5f96b8943500b238e60e6"
  integrity sha512-QCh+85mCy+h0IGff8r5XWzOVSbBO+KfeYrMQh7NJ58QujwcE22u+NUSmUxqF+un70P9GXKxa2HCNiTTMJknyjQ==

vite@^3.1.7:
  version "3.1.7"
  resolved "https://registry.yarnpkg.com/vite/-/vite-3.1.7.tgz#9fc2b57a395f79175d38fa3cffd15080b0d9cbfc"
  integrity sha512-5vCAmU4S8lyVdFCInu9M54f/g8qbOMakVw5xJ4pjoaDy5wgy9sLLZkGdSLN52dlsBqh0tBqxjaqqa8LgPqwRAA==
  dependencies:
    esbuild "^0.15.9"
    postcss "^8.4.16"
    resolve "^1.22.1"
    rollup "~2.78.0"
  optionalDependencies:
    fsevents "~2.3.2"

vue-demi@*:
  version "0.13.11"
  resolved "https://registry.yarnpkg.com/vue-demi/-/vue-demi-0.13.11.tgz#7d90369bdae8974d87b1973564ad390182410d99"
  integrity sha512-IR8HoEEGM65YY3ZJYAjMlKygDQn25D5ajNFNoKh9RSDMQtlzCxtfQjdQgv9jjK+m3377SsJXY8ysq8kLCZL25A==

vue-template-compiler@^2.7.10:
  version "2.7.12"
  resolved "https://registry.yarnpkg.com/vue-template-compiler/-/vue-template-compiler-2.7.12.tgz#762476971b13eb5ea5c786886be28395f345c1e1"
  integrity sha512-6rhJAuo2vRzJMs8X/pd9yqtsJmnPEnv4E0cb9KCu0sfGhoDt8roCCa/6qbrvpc1b38zYgdmY/xrk4qfNWZIjwA==
  dependencies:
    de-indent "^1.0.2"
    he "^1.2.0"

vue-tsc@^1.0.6:
  version "1.0.6"
  resolved "https://registry.yarnpkg.com/vue-tsc/-/vue-tsc-1.0.6.tgz#8a0956dbf558b269f1f024b1e014be7cd10bd28c"
  integrity sha512-iOoGwia1k51CifMVk5QOMTctQxubwV+32l+V3j+p2RhssRLmMTNGrl7ioXINcvpe1/M7LcUBnO/96im/BdxWCg==
  dependencies:
    "@volar/vue-language-core" "1.0.6"
    "@volar/vue-typescript" "1.0.6"

vue@^3.2.40:
  version "3.2.40"
  resolved "https://registry.yarnpkg.com/vue/-/vue-3.2.40.tgz#23f387f6f9b3a0767938db6751e4fb5900f0ee34"
  integrity sha512-1mGHulzUbl2Nk3pfvI5aXYYyJUs1nm4kyvuz38u4xlQkLUn1i2R7nDbI4TufECmY8v1qNBHYy62bCaM+3cHP2A==
  dependencies:
    "@vue/compiler-dom" "3.2.40"
    "@vue/compiler-sfc" "3.2.40"
    "@vue/runtime-dom" "3.2.40"
    "@vue/server-renderer" "3.2.40"
    "@vue/shared" "3.2.40"
